
Microsoft Visual Studio Solution File, Format Version 12.00
# Visual Studio Version 17
VisualStudioVersion = 17.0.32014.148
MinimumVisualStudioVersion = 10.0.40219.1
Project("{FAE04EC0-301F-11D3-BF4B-00C04F79EFBC}") = "ce103-hw5-snake-app", "ce103-hw5-snake-app\ce103-hw5-snake-app.csproj", "{66F5B598-451C-4074-B11E-B9F5B9450771}"
EndProject
Project("{FAE04EC0-301F-11D3-BF4B-00C04F79EFBC}") = "ce103-hw5-snake-game-dll", "ce103-hw5-snake-game-dll\ce103-hw5-snake-game-dll.csproj", "{742B6688-9511-4485-A164-1F82F67F5469}"
EndProject
Project("{FAE04EC0-301F-11D3-BF4B-00C04F79EFBC}") = "ce103-hw5-snake-test", "ce103-hw5-snake-test\ce103-hw5-snake-test.csproj", "{51512FEF-1ED2-4881-ACFC-B89A372BBA12}"
EndProject
Global
	GlobalSection(SolutionConfigurationPlatforms) = preSolution
		Debug|Any CPU = Debug|Any CPU
		Release|Any CPU = Release|Any CPU
	EndGlobalSection
	GlobalSection(ProjectConfigurationPlatforms) = postSolution
		{66F5B598-451C-4074-B11E-B9F5B9450771}.Debug|Any CPU.ActiveCfg = Debug|Any CPU
		{66F5B598-451C-4074-B11E-B9F5B9450771}.Debug|Any CPU.Build.0 = Debug|Any CPU
		{66F5B598-451C-4074-B11E-B9F5B9450771}.Release|Any CPU.ActiveCfg = Release|Any CPU
		{66F5B598-451C-4074-B11E-B9F5B9450771}.Release|Any CPU.Build.0 = Release|Any CPU
		{742B6688-9511-4485-A164-1F82F67F5469}.Debug|Any CPU.ActiveCfg = Debug|Any CPU
		{742B6688-9511-4485-A164-1F82F67F5469}.Debug|Any CPU.Build.0 = Debug|Any CPU
		{742B6688-9511-4485-A164-1F82F67F5469}.Release|Any CPU.ActiveCfg = Release|Any CPU
		{742B6688-9511-4485-A164-1F82F67F5469}.Release|Any CPU.Build.0 = Release|Any CPU
		{51512FEF-1ED2-4881-ACFC-B89A372BBA12}.Debug|Any CPU.ActiveCfg = Debug|Any CPU
		{51512FEF-1ED2-4881-ACFC-B89A372BBA12}.Debug|Any CPU.Build.0 = Debug|Any CPU
		{51512FEF-1ED2-4881-ACFC-B89A372BBA12}.Release|Any CPU.ActiveCfg = Release|Any CPU
		{51512FEF-1ED2-4881-ACFC-B89A372BBA12}.Release|Any CPU.Build.0 = Release|Any CPU
	EndGlobalSection
	GlobalSection(SolutionProperties) = preSolution
		HideSolutionNode = FALSE
	EndGlobalSection
	GlobalSection(ExtensibilityGlobals) = postSolution
		SolutionGuid = {4631B72E-7F4F-4D5E-A14C-7E72730BECFC}
	EndGlobalSection
EndGlobal
